// !$*UTF8*$!
{
	archiveVersion = 1;
	classes = {
	};
	objectVersion = 46;
	objects = {

/* Begin PBXBuildFile section */
		C3146FD47DAC8F77B3A7D9D1 /* libPods-Runtime_umengDome.a in Frameworks */ = {isa = PBXBuildFile; fileRef = B231CBC3B1CE9F9712963662 /* libPods-Runtime_umengDome.a */; };
		CEA6776B1E4C49A700955297 /* main.m in Sources */ = {isa = PBXBuildFile; fileRef = CEA6776A1E4C49A700955297 /* main.m */; };
		CEA6776E1E4C49A700955297 /* AppDelegate.m in Sources */ = {isa = PBXBuildFile; fileRef = CEA6776D1E4C49A700955297 /* AppDelegate.m */; };
		CEA677711E4C49A700955297 /* ViewController.m in Sources */ = {isa = PBXBuildFile; fileRef = CEA677701E4C49A700955297 /* ViewController.m */; };
		CEA677741E4C49A700955297 /* Main.storyboard in Resources */ = {isa = PBXBuildFile; fileRef = CEA677721E4C49A700955297 /* Main.storyboard */; };
		CEA677761E4C49A700955297 /* Assets.xcassets in Resources */ = {isa = PBXBuildFile; fileRef = CEA677751E4C49A700955297 /* Assets.xcassets */; };
		CEA677791E4C49A700955297 /* LaunchScreen.storyboard in Resources */ = {isa = PBXBuildFile; fileRef = CEA677771E4C49A700955297 /* LaunchScreen.storyboard */; };
		CEA677841E4C49A700955297 /* Runtime_umengDomeTests.m in Sources */ = {isa = PBXBuildFile; fileRef = CEA677831E4C49A700955297 /* Runtime_umengDomeTests.m */; };
		CEA6778F1E4C49A700955297 /* Runtime_umengDomeUITests.m in Sources */ = {isa = PBXBuildFile; fileRef = CEA6778E1E4C49A700955297 /* Runtime_umengDomeUITests.m */; };
		CEA6779E1E4C4A4200955297 /* BViewController.m in Sources */ = {isa = PBXBuildFile; fileRef = CEA6779D1E4C4A4200955297 /* BViewController.m */; };
		CEA677A11E4C4A4B00955297 /* CViewController.m in Sources */ = {isa = PBXBuildFile; fileRef = CEA677A01E4C4A4B00955297 /* CViewController.m */; };
		CEA677A41E4C4A8E00955297 /* UIViewController+AS.m in Sources */ = {isa = PBXBuildFile; fileRef = CEA677A31E4C4A8E00955297 /* UIViewController+AS.m */; };
/* End PBXBuildFile section */

/* Begin PBXContainerItemProxy section */
		CEA677801E4C49A700955297 /* PBXContainerItemProxy */ = {
			isa = PBXContainerItemProxy;
			containerPortal = CEA6775E1E4C49A700955297 /* Project object */;
			proxyType = 1;
			remoteGlobalIDString = CEA677651E4C49A700955297;
			remoteInfo = Runtime_umengDome;
		};
		CEA6778B1E4C49A700955297 /* PBXContainerItemProxy */ = {
			isa = PBXContainerItemProxy;
			containerPortal = CEA6775E1E4C49A700955297 /* Project object */;
			proxyType = 1;
			remoteGlobalIDString = CEA677651E4C49A700955297;
			remoteInfo = Runtime_umengDome;
		};
/* End PBXContainerItemProxy section */

/* Begin PBXFileReference section */
		0034A82514343CED45C6800A /* Pods-Runtime_umengDome.debug.xcconfig */ = {isa = PBXFileReference; includeInIndex = 1; lastKnownFileType = text.xcconfig; name = "Pods-Runtime_umengDome.debug.xcconfig"; path = "Pods/Target Support Files/Pods-Runtime_umengDome/Pods-Runtime_umengDome.debug.xcconfig"; sourceTree = "<group>"; };
		B231CBC3B1CE9F9712963662 /* libPods-Runtime_umengDome.a */ = {isa = PBXFileReference; explicitFileType = archive.ar; includeInIndex = 0; path = "libPods-Runtime_umengDome.a"; sourceTree = BUILT_PRODUCTS_DIR; };
		CEA677661E4C49A700955297 /* Runtime_umengDome.app */ = {isa = PBXFileReference; explicitFileType = wrapper.application; includeInIndex = 0; path = Runtime_umengDome.app; sourceTree = BUILT_PRODUCTS_DIR; };
		CEA6776A1E4C49A700955297 /* main.m */ = {isa = PBXFileReference; lastKnownFileType = sourcecode.c.objc; path = main.m; sourceTree = "<group>"; };
		CEA6776C1E4C49A700955297 /* AppDelegate.h */ = {isa = PBXFileReference; lastKnownFileType = sourcecode.c.h; path = AppDelegate.h; sourceTree = "<group>"; };
		CEA6776D1E4C49A700955297 /* AppDelegate.m */ = {isa = PBXFileReference; lastKnownFileType = sourcecode.c.objc; path = AppDelegate.m; sourceTree = "<group>"; };
		CEA6776F1E4C49A700955297 /* ViewController.h */ = {isa = PBXFileReference; lastKnownFileType = sourcecode.c.h; path = ViewController.h; sourceTree = "<group>"; };
		CEA677701E4C49A700955297 /* ViewController.m */ = {isa = PBXFileReference; lastKnownFileType = sourcecode.c.objc; path = ViewController.m; sourceTree = "<group>"; };
		CEA677731E4C49A700955297 /* Base */ = {isa = PBXFileReference; lastKnownFileType = file.storyboard; name = Base; path = Base.lproj/Main.storyboard; sourceTree = "<group>"; };
		CEA677751E4C49A700955297 /* Assets.xcassets */ = {isa = PBXFileReference; lastKnownFileType = folder.assetcatalog; path = Assets.xcassets; sourceTree = "<group>"; };
		CEA677781E4C49A700955297 /* Base */ = {isa = PBXFileReference; lastKnownFileType = file.storyboard; name = Base; path = Base.lproj/LaunchScreen.storyboard; sourceTree = "<group>"; };
		CEA6777A1E4C49A700955297 /* Info.plist */ = {isa = PBXFileReference; lastKnownFileType = text.plist.xml; path = Info.plist; sourceTree = "<group>"; };
		CEA6777F1E4C49A700955297 /* Runtime_umengDomeTests.xctest */ = {isa = PBXFileReference; explicitFileType = wrapper.cfbundle; includeInIndex = 0; path = Runtime_umengDomeTests.xctest; sourceTree = BUILT_PRODUCTS_DIR; };
		CEA677831E4C49A700955297 /* Runtime_umengDomeTests.m */ = {isa = PBXFileReference; lastKnownFileType = sourcecode.c.objc; path = Runtime_umengDomeTests.m; sourceTree = "<group>"; };
		CEA677851E4C49A700955297 /* Info.plist */ = {isa = PBXFileReference; lastKnownFileType = text.plist.xml; path = Info.plist; sourceTree = "<group>"; };
		CEA6778A1E4C49A700955297 /* Runtime_umengDomeUITests.xctest */ = {isa = PBXFileReference; explicitFileType = wrapper.cfbundle; includeInIndex = 0; path = Runtime_umengDomeUITests.xctest; sourceTree = BUILT_PRODUCTS_DIR; };
		CEA6778E1E4C49A700955297 /* Runtime_umengDomeUITests.m */ = {isa = PBXFileReference; lastKnownFileType = sourcecode.c.objc; path = Runtime_umengDomeUITests.m; sourceTree = "<group>"; };
		CEA677901E4C49A700955297 /* Info.plist */ = {isa = PBXFileReference; lastKnownFileType = text.plist.xml; path = Info.plist; sourceTree = "<group>"; };
		CEA6779C1E4C4A4200955297 /* BViewController.h */ = {isa = PBXFileReference; fileEncoding = 4; lastKnownFileType = sourcecode.c.h; path = BViewController.h; sourceTree = "<group>"; };
		CEA6779D1E4C4A4200955297 /* BViewController.m */ = {isa = PBXFileReference; fileEncoding = 4; lastKnownFileType = sourcecode.c.objc; path = BViewController.m; sourceTree = "<group>"; };
		CEA6779F1E4C4A4B00955297 /* CViewController.h */ = {isa = PBXFileReference; fileEncoding = 4; lastKnownFileType = sourcecode.c.h; path = CViewController.h; sourceTree = "<group>"; };
		CEA677A01E4C4A4B00955297 /* CViewController.m */ = {isa = PBXFileReference; fileEncoding = 4; lastKnownFileType = sourcecode.c.objc; path = CViewController.m; sourceTree = "<group>"; };
		CEA677A21E4C4A8E00955297 /* UIViewController+AS.h */ = {isa = PBXFileReference; fileEncoding = 4; lastKnownFileType = sourcecode.c.h; path = "UIViewController+AS.h"; sourceTree = "<group>"; };
		CEA677A31E4C4A8E00955297 /* UIViewController+AS.m */ = {isa = PBXFileReference; fileEncoding = 4; lastKnownFileType = sourcecode.c.objc; path = "UIViewController+AS.m"; sourceTree = "<group>"; };
		D2A8AF2916F0984343D69BED /* Pods-Runtime_umengDome.release.xcconfig */ = {isa = PBXFileReference; includeInIndex = 1; lastKnownFileType = text.xcconfig; name = "Pods-Runtime_umengDome.release.xcconfig"; path = "Pods/Target Support Files/Pods-Runtime_umengDome/Pods-Runtime_umengDome.release.xcconfig"; sourceTree = "<group>"; };
/* End PBXFileReference section */

/* Begin PBXFrameworksBuildPhase section */
		CEA677631E4C49A700955297 /* Frameworks */ = {
			isa = PBXFrameworksBuildPhase;
			buildActionMask = 2147483647;
			files = (
				C3146FD47DAC8F77B3A7D9D1 /* libPods-Runtime_umengDome.a in Frameworks */,
			);
			runOnlyForDeploymentPostprocessing = 0;
		};
		CEA6777C1E4C49A700955297 /* Frameworks */ = {
			isa = PBXFrameworksBuildPhase;
			buildActionMask = 2147483647;
			files = (
			);
			runOnlyForDeploymentPostprocessing = 0;
		};
		CEA677871E4C49A700955297 /* Frameworks */ = {
			isa = PBXFrameworksBuildPhase;
			buildActionMask = 2147483647;
			files = (
			);
			runOnlyForDeploymentPostprocessing = 0;
		};
/* End PBXFrameworksBuildPhase section */

/* Begin PBXGroup section */
		342331AD9761B0FA8DAF2D1D /* Frameworks */ = {
			isa = PBXGroup;
			children = (
				B231CBC3B1CE9F9712963662 /* libPods-Runtime_umengDome.a */,
			);
			name = Frameworks;
			sourceTree = "<group>";
		};
		CEA6775D1E4C49A700955297 = {
			isa = PBXGroup;
			children = (
				CEA677681E4C49A700955297 /* Runtime_umengDome */,
				CEA677821E4C49A700955297 /* Runtime_umengDomeTests */,
				CEA6778D1E4C49A700955297 /* Runtime_umengDomeUITests */,
				CEA677671E4C49A700955297 /* Products */,
				F3A640F96992F708734E2F70 /* Pods */,
				342331AD9761B0FA8DAF2D1D /* Frameworks */,
			);
			sourceTree = "<group>";
		};
		CEA677671E4C49A700955297 /* Products */ = {
			isa = PBXGroup;
			children = (
				CEA677661E4C49A700955297 /* Runtime_umengDome.app */,
				CEA6777F1E4C49A700955297 /* Runtime_umengDomeTests.xctest */,
				CEA6778A1E4C49A700955297 /* Runtime_umengDomeUITests.xctest */,
			);
			name = Products;
			sourceTree = "<group>";
		};
		CEA677681E4C49A700955297 /* Runtime_umengDome */ = {
			isa = PBXGroup;
			children = (
				CEA6776C1E4C49A700955297 /* AppDelegate.h */,
				CEA6776D1E4C49A700955297 /* AppDelegate.m */,
				CEA677A21E4C4A8E00955297 /* UIViewController+AS.h */,
				CEA677A31E4C4A8E00955297 /* UIViewController+AS.m */,
				CEA6776F1E4C49A700955297 /* ViewController.h */,
				CEA677701E4C49A700955297 /* ViewController.m */,
				CEA6779C1E4C4A4200955297 /* BViewController.h */,
				CEA6779D1E4C4A4200955297 /* BViewController.m */,
				CEA6779F1E4C4A4B00955297 /* CViewController.h */,
				CEA677A01E4C4A4B00955297 /* CViewController.m */,
				CEA677721E4C49A700955297 /* Main.storyboard */,
				CEA677751E4C49A700955297 /* Assets.xcassets */,
				CEA677771E4C49A700955297 /* LaunchScreen.storyboard */,
				CEA6777A1E4C49A700955297 /* Info.plist */,
				CEA677691E4C49A700955297 /* Supporting Files */,
			);
			path = Runtime_umengDome;
			sourceTree = "<group>";
		};
		CEA677691E4C49A700955297 /* Supporting Files */ = {
			isa = PBXGroup;
			children = (
				CEA6776A1E4C49A700955297 /* main.m */,
			);
			name = "Supporting Files";
			sourceTree = "<group>";
		};
		CEA677821E4C49A700955297 /* Runtime_umengDomeTests */ = {
			isa = PBXGroup;
			children = (
				CEA677831E4C49A700955297 /* Runtime_umengDomeTests.m */,
				CEA677851E4C49A700955297 /* Info.plist */,
			);
			path = Runtime_umengDomeTests;
			sourceTree = "<group>";
		};
		CEA6778D1E4C49A700955297 /* Runtime_umengDomeUITests */ = {
			isa = PBXGroup;
			children = (
				CEA6778E1E4C49A700955297 /* Runtime_umengDomeUITests.m */,
				CEA677901E4C49A700955297 /* Info.plist */,
			);
			path = Runtime_umengDomeUITests;
			sourceTree = "<group>";
		};
		F3A640F96992F708734E2F70 /* Pods */ = {
			isa = PBXGroup;
			children = (
				0034A82514343CED45C6800A /* Pods-Runtime_umengDome.debug.xcconfig */,
				D2A8AF2916F0984343D69BED /* Pods-Runtime_umengDome.release.xcconfig */,
			);
			name = Pods;
			sourceTree = "<group>";
		};
/* End PBXGroup section */

/* Begin PBXNativeTarget section */
		CEA677651E4C49A700955297 /* Runtime_umengDome */ = {
			isa = PBXNativeTarget;
			buildConfigurationList = CEA677931E4C49A700955297 /* Build configuration list for PBXNativeTarget "Runtime_umengDome" */;
			buildPhases = (
				C117B11711FE737973580CBC /* [CP] Check Pods Manifest.lock */,
				CEA677621E4C49A700955297 /* Sources */,
				CEA677631E4C49A700955297 /* Frameworks */,
				CEA677641E4C49A700955297 /* Resources */,
				6036FC081C3146EAB64C1AE2 /* [CP] Embed Pods Frameworks */,
				3B4F17D8EE31957F763A3389 /* [CP] Copy Pods Resources */,
			);
			buildRules = (
			);
			dependencies = (
			);
			name = Runtime_umengDome;
			productName = Runtime_umengDome;
			productReference = CEA677661E4C49A700955297 /* Runtime_umengDome.app */;
			productType = "com.apple.product-type.application";
		};
		CEA6777E1E4C49A700955297 /* Runtime_umengDomeTests */ = {
			isa = PBXNativeTarget;
			buildConfigurationList = CEA677961E4C49A700955297 /* Build configuration list for PBXNativeTarget "Runtime_umengDomeTests" */;
			buildPhases = (
				CEA6777B1E4C49A700955297 /* Sources */,
				CEA6777C1E4C49A700955297 /* Frameworks */,
				CEA6777D1E4C49A700955297 /* Resources */,
			);
			buildRules = (
			);
			dependencies = (
				CEA677811E4C49A700955297 /* PBXTargetDependency */,
			);
			name = Runtime_umengDomeTests;
			productName = Runtime_umengDomeTests;
			productReference = CEA6777F1E4C49A700955297 /* Runtime_umengDomeTests.xctest */;
			productType = "com.apple.product-type.bundle.unit-test";
		};
		CEA677891E4C49A700955297 /* Runtime_umengDomeUITests */ = {
			isa = PBXNativeTarget;
			buildConfigurationList = CEA677991E4C49A700955297 /* Build configuration list for PBXNativeTarget "Runtime_umengDomeUITests" */;
			buildPhases = (
				CEA677861E4C49A700955297 /* Sources */,
				CEA677871E4C49A700955297 /* Frameworks */,
				CEA677881E4C49A700955297 /* Resources */,
			);
			buildRules = (
			);
			dependencies = (
				CEA6778C1E4C49A700955297 /* PBXTargetDependency */,
			);
			name = Runtime_umengDomeUITests;
			productName = Runtime_umengDomeUITests;
			productReference = CEA6778A1E4C49A700955297 /* Runtime_umengDomeUITests.xctest */;
			productType = "com.apple.product-type.bundle.ui-testing";
		};
/* End PBXNativeTarget section */

/* Begin PBXProject section */
		CEA6775E1E4C49A700955297 /* Project object */ = {
			isa = PBXProject;
			attributes = {
				LastUpgradeCheck = 0820;
				ORGANIZATIONNAME = niuNaruto;
				TargetAttributes = {
					CEA677651E4C49A700955297 = {
						CreatedOnToolsVersion = 8.2.1;
						ProvisioningStyle = Automatic;
					};
					CEA6777E1E4C49A700955297 = {
						CreatedOnToolsVersion = 8.2.1;
						ProvisioningStyle = Automatic;
						TestTargetID = CEA677651E4C49A700955297;
					};
					CEA677891E4C49A700955297 = {
						CreatedOnToolsVersion = 8.2.1;
						ProvisioningStyle = Automatic;
						TestTargetID = CEA677651E4C49A700955297;
					};
				};
			};
			buildConfigurationList = CEA677611E4C49A700955297 /* Build configuration list for PBXProject "Runtime_umengDome" */;
			compatibilityVersion = "Xcode 3.2";
			developmentRegion = English;
			hasScannedForEncodings = 0;
			knownRegions = (
				en,
				Base,
			);
			mainGroup = CEA6775D1E4C49A700955297;
			productRefGroup = CEA677671E4C49A700955297 /* Products */;
			projectDirPath = "";
			projectRoot = "";
			targets = (
				CEA677651E4C49A700955297 /* Runtime_umengDome */,
				CEA6777E1E4C49A700955297 /* Runtime_umengDomeTests */,
				CEA677891E4C49A700955297 /* Runtime_umengDomeUITests */,
			);
		};
/* End PBXProject section */

/* Begin PBXResourcesBuildPhase section */
		CEA677641E4C49A700955297 /* Resources */ = {
			isa = PBXResourcesBuildPhase;
			buildActionMask = 2147483647;
			files = (
				CEA677791E4C49A700955297 /* LaunchScreen.storyboard in Resources */,
				CEA677761E4C49A700955297 /* Assets.xcassets in Resources */,
				CEA677741E4C49A700955297 /* Main.storyboard in Resources */,
			);
			runOnlyForDeploymentPostprocessing = 0;
		};
		CEA6777D1E4C49A700955297 /* Resources */ = {
			isa = PBXResourcesBuildPhase;
			buildActionMask = 2147483647;
			files = (
			);
			runOnlyForDeploymentPostprocessing = 0;
		};
		CEA677881E4C49A700955297 /* Resources */ = {
			isa = PBXResourcesBuildPhase;
			buildActionMask = 2147483647;
			files = (
			);
			runOnlyForDeploymentPostprocessing = 0;
		};
/* End PBXResourcesBuildPhase section */

/* Begin PBXShellScriptBuildPhase section */
		3B4F17D8EE31957F763A3389 /* [CP] Copy Pods Resources */ = {
			isa = PBXShellScriptBuildPhase;
			buildActionMask = 2147483647;
			files = (
			);
			inputPaths = (
			);
			name = "[CP] Copy Pods Resources";
			outputPaths = (
			);
			runOnlyForDeploymentPostprocessing = 0;
			shellPath = /bin/sh;
			shellScript = "\"${SRCROOT}/Pods/Target Support Files/Pods-Runtime_umengDome/Pods-Runtime_umengDome-resources.sh\"\n";
			showEnvVarsInLog = 0;
		};
		6036FC081C3146EAB64C1AE2 /* [CP] Embed Pods Frameworks */ = {
			isa = PBXShellScriptBuildPhase;
			buildActionMask = 2147483647;
			files = (
			);
			inputPaths = (
			);
			name = "[CP] Embed Pods Frameworks";
			outputPaths = (
			);
			runOnlyForDeploymentPostprocessing = 0;
			shellPath = /bin/sh;
			shellScript = "\"${SRCROOT}/Pods/Target Support Files/Pods-Runtime_umengDome/Pods-Runtime_umengDome-frameworks.sh\"\n";
			showEnvVarsInLog = 0;
		};
		C117B11711FE737973580CBC /* [CP] Check Pods Manifest.lock */ = {
			isa = PBXShellScriptBuildPhase;
			buildActionMask = 2147483647;
			files = (
			);
			inputPaths = (
			);
			name = "[CP] Check Pods Manifest.lock";
			outputPaths = (
			);
			runOnlyForDeploymentPostprocessing = 0;
			shellPath = /bin/sh;
			shellScript = "diff \"${PODS_ROOT}/../Podfile.lock\" \"${PODS_ROOT}/Manifest.lock\" > /dev/null\nif [ $? != 0 ] ; then\n    # print error to STDERR\n    echo \"error: The sandbox is not in sync with the Podfile.lock. Run 'pod install' or update your CocoaPods installation.\" >&2\n    exit 1\nfi\n";
			showEnvVarsInLog = 0;
		};
/* End PBXShellScriptBuildPhase section */

/* Begin PBXSourcesBuildPhase section */
		CEA677621E4C49A700955297 /* Sources */ = {
			isa = PBXSourcesBuildPhase;
			buildActionMask = 2147483647;
			files = (
				CEA677A11E4C4A4B00955297 /* CViewController.m in Sources */,
				CEA677711E4C49A700955297 /* ViewController.m in Sources */,
				CEA677A41E4C4A8E00955297 /* UIViewController+AS.m in Sources */,
				CEA6779E1E4C4A4200955297 /* BViewController.m in Sources */,
				CEA6776E1E4C49A700955297 /* AppDelegate.m in Sources */,
				CEA6776B1E4C49A700955297 /* main.m in Sources */,
			);
			runOnlyForDeploymentPostprocessing = 0;
		};
		CEA6777B1E4C49A700955297 /* Sources */ = {
			isa = PBXSourcesBuildPhase;
			buildActionMask = 2147483647;
			files = (
				CEA677841E4C49A700955297 /* Runtime_umengDomeTests.m in Sources */,
			);
			runOnlyForDeploymentPostprocessing = 0;
		};
		CEA677861E4C49A700955297 /* Sources */ = {
			isa = PBXSourcesBuildPhase;
			buildActionMask = 2147483647;
			files = (
				CEA6778F1E4C49A700955297 /* Runtime_umengDomeUITests.m in Sources */,
			);
			runOnlyForDeploymentPostprocessing = 0;
		};
/* End PBXSourcesBuildPhase section */

/* Begin PBXTargetDependency section */
		CEA677811E4C49A700955297 /* PBXTargetDependency */ = {
			isa = PBXTargetDependency;
			target = CEA677651E4C49A700955297 /* Runtime_umengDome */;
			targetProxy = CEA677801E4C49A700955297 /* PBXContainerItemProxy */;
		};
		CEA6778C1E4C49A700955297 /* PBXTargetDependency */ = {
			isa = PBXTargetDependency;
			target = CEA677651E4C49A700955297 /* Runtime_umengDome */;
			targetProxy = CEA6778B1E4C49A700955297 /* PBXContainerItemProxy */;
		};
/* End PBXTargetDependency section */

/* Begin PBXVariantGroup section */
		CEA677721E4C49A700955297 /* Main.storyboard */ = {
			isa = PBXVariantGroup;
			children = (
				CEA677731E4C49A700955297 /* Base */,
			);
			name = Main.storyboard;
			sourceTree = "<group>";
		};
		CEA677771E4C49A700955297 /* LaunchScreen.storyboard */ = {
			isa = PBXVariantGroup;
			children = (
				CEA677781E4C49A700955297 /* Base */,
			);
			name = LaunchScreen.storyboard;
			sourceTree = "<group>";
		};
/* End PBXVariantGroup section */

/* Begin XCBuildConfiguration section */
		CEA677911E4C49A700955297 /* Debug */ = {
			isa = XCBuildConfiguration;
			buildSettings = {
				ALWAYS_SEARCH_USER_PATHS = NO;
				CLANG_ANALYZER_NONNULL = YES;
				CLANG_CXX_LANGUAGE_STANDARD = "gnu++0x";
				CLANG_CXX_LIBRARY = "libc++";
				CLANG_ENABLE_MODULES = YES;
				CLANG_ENABLE_OBJC_ARC = YES;
				CLANG_WARN_BOOL_CONVERSION = YES;
				CLANG_WARN_CONSTANT_CONVERSION = YES;
				CLANG_WARN_DIRECT_OBJC_ISA_USAGE = YES_ERROR;
				CLANG_WARN_DOCUMENTATION_COMMENTS = YES;
				CLANG_WARN_EMPTY_BODY = YES;
				CLANG_WARN_ENUM_CONVERSION = YES;
				CLANG_WARN_INFINITE_RECURSION = YES;
				CLANG_WARN_INT_CONVERSION = YES;
				CLANG_WARN_OBJC_ROOT_CLASS = YES_ERROR;
				CLANG_WARN_SUSPICIOUS_MOVE = YES;
				CLANG_WARN_UNREACHABLE_CODE = YES;
				CLANG_WARN__DUPLICATE_METHOD_MATCH = YES;
				"CODE_SIGN_IDENTITY[sdk=iphoneos*]" = "iPhone Developer";
				COPY_PHASE_STRIP = NO;
				DEBUG_INFORMATION_FORMAT = dwarf;
				ENABLE_STRICT_OBJC_MSGSEND = YES;
				ENABLE_TESTABILITY = YES;
				GCC_C_LANGUAGE_STANDARD = gnu99;
				GCC_DYNAMIC_NO_PIC = NO;
				GCC_NO_COMMON_BLOCKS = YES;
				GCC_OPTIMIZATION_LEVEL = 0;
				GCC_PREPROCESSOR_DEFINITIONS = (
					"DEBUG=1",
					"$(inherited)",
				);
				GCC_WARN_64_TO_32_BIT_CONVERSION = YES;
				GCC_WARN_ABOUT_RETURN_TYPE = YES_ERROR;
				GCC_WARN_UNDECLARED_SELECTOR = YES;
				GCC_WARN_UNINITIALIZED_AUTOS = YES_AGGRESSIVE;
				GCC_WARN_UNUSED_FUNCTION = YES;
				GCC_WARN_UNUSED_VARIABLE = YES;
				IPHONEOS_DEPLOYMENT_TARGET = 10.2;
				MTL_ENABLE_DEBUG_INFO = YES;
				ONLY_ACTIVE_ARCH = YES;
				SDKROOT = iphoneos;
			};
			name = Debug;
		};
		CEA677921E4C49A700955297 /* Release */ = {
			isa = XCBuildConfiguration;
			buildSettings = {
				ALWAYS_SEARCH_USER_PATHS = NO;
				CLANG_ANALYZER_NONNULL = YES;
				CLANG_CXX_LANGUAGE_STANDARD = "gnu++0x";
				CLANG_CXX_LIBRARY = "libc++";
				CLANG_ENABLE_MODULES = YES;
				CLANG_ENABLE_OBJC_ARC = YES;
				CLANG_WARN_BOOL_CONVERSION = YES;
				CLANG_WARN_CONSTANT_CONVERSION = YES;
				CLANG_WARN_DIRECT_OBJC_ISA_USAGE = YES_ERROR;
				CLANG_WARN_DOCUMENTATION_COMMENTS = YES;
				CLANG_WARN_EMPTY_BODY = YES;
				CLANG_WARN_ENUM_CONVERSION = YES;
				CLANG_WARN_INFINITE_RECURSION = YES;
				CLANG_WARN_INT_CONVERSION = YES;
				CLANG_WARN_OBJC_ROOT_CLASS = YES_ERROR;
				CLANG_WARN_SUSPICIOUS_MOVE = YES;
				CLANG_WARN_UNREACHABLE_CODE = YES;
				CLANG_WARN__DUPLICATE_METHOD_MATCH = YES;
				"CODE_SIGN_IDENTITY[sdk=iphoneos*]" = "iPhone Developer";
				COPY_PHASE_STRIP = NO;
				DEBUG_INFORMATION_FORMAT = "dwarf-with-dsym";
				ENABLE_NS_ASSERTIONS = NO;
				ENABLE_STRICT_OBJC_MSGSEND = YES;
				GCC_C_LANGUAGE_STANDARD = gnu99;
				GCC_NO_COMMON_BLOCKS = YES;
				GCC_WARN_64_TO_32_BIT_CONVERSION = YES;
				GCC_WARN_ABOUT_RETURN_TYPE = YES_ERROR;
				GCC_WARN_UNDECLARED_SELECTOR = YES;
				GCC_WARN_UNINITIALIZED_AUTOS = YES_AGGRESSIVE;
				GCC_WARN_UNUSED_FUNCTION = YES;
				GCC_WARN_UNUSED_VARIABLE = YES;
				IPHONEOS_DEPLOYMENT_TARGET = 10.2;
				MTL_ENABLE_DEBUG_INFO = NO;
				SDKROOT = iphoneos;
				VALIDATE_PRODUCT = YES;
			};
			name = Release;
		};
		CEA677941E4C49A700955297 /* Debug */ = {
			isa = XCBuildConfiguration;
			baseConfigurationReference = 0034A82514343CED45C6800A /* Pods-Runtime_umengDome.debug.xcconfig */;
			buildSettings = {
				ASSETCATALOG_COMPILER_APPICON_NAME = AppIcon;
				INFOPLIST_FILE = Runtime_umengDome/Info.plist;
				LD_RUNPATH_SEARCH_PATHS = "$(inherited) @executable_path/Frameworks";
				PRODUCT_BUNDLE_IDENTIFIER = "niuNatuto.Runtime-umengDome";
				PRODUCT_NAME = "$(TARGET_NAME)";
			};
			name = Debug;
		};
		CEA677951E4C49A700955297 /* Release */ = {
			isa = XCBuildConfiguration;
			baseConfigurationReference = D2A8AF2916F0984343D69BED /* Pods-Runtime_umengDome.release.xcconfig */;
			buildSettings = {
				ASSETCATALOG_COMPILER_APPICON_NAME = AppIcon;
				INFOPLIST_FILE = Runtime_umengDome/Info.plist;
				LD_RUNPATH_SEARCH_PATHS = "$(inherited) @executable_path/Frameworks";
				PRODUCT_BUNDLE_IDENTIFIER = "niuNatuto.Runtime-umengDome";
				PRODUCT_NAME = "$(TARGET_NAME)";
			};
			name = Release;
		};
		CEA677971E4C49A700955297 /* Debug */ = {
			isa = XCBuildConfiguration;
			buildSettings = {
				BUNDLE_LOADER = "$(TEST_HOST)";
				INFOPLIST_FILE = Runtime_umengDomeTests/Info.plist;
				LD_RUNPATH_SEARCH_PATHS = "$(inherited) @executable_path/Frameworks @loader_path/Frameworks";
				PRODUCT_BUNDLE_IDENTIFIER = "niuNatuto.Runtime-umengDomeTests";
				PRODUCT_NAME = "$(TARGET_NAME)";
				TEST_HOST = "$(BUILT_PRODUCTS_DIR)/Runtime_umengDome.app/Runtime_umengDome";
			};
			name = Debug;
		};
		CEA677981E4C49A700955297 /* Release */ = {
			isa = XCBuildConfiguration;
			buildSettings = {
				BUNDLE_LOADER = "$(TEST_HOST)";
				INFOPLIST_FILE = Runtime_umengDomeTests/Info.plist;
				LD_RUNPATH_SEARCH_PATHS = "$(inherited) @executable_path/Frameworks @loader_path/Frameworks";
				PRODUCT_BUNDLE_IDENTIFIER = "niuNatuto.Runtime-umengDomeTests";
				PRODUCT_NAME = "$(TARGET_NAME)";
				TEST_HOST = "$(BUILT_PRODUCTS_DIR)/Runtime_umengDome.app/Runtime_umengDome";
			};
			name = Release;
		};
		CEA6779A1E4C49A700955297 /* Debug */ = {
			isa = XCBuildConfiguration;
			buildSettings = {
				INFOPLIST_FILE = Runtime_umengDomeUITests/Info.plist;
				LD_RUNPATH_SEARCH_PATHS = "$(inherited) @executable_path/Frameworks @loader_path/Frameworks";
				PRODUCT_BUNDLE_IDENTIFIER = "niuNatuto.Runtime-umengDomeUITests";
				PRODUCT_NAME = "$(TARGET_NAME)";
				TEST_TARGET_NAME = Runtime_umengDome;
			};
			name = Debug;
		};
		CEA6779B1E4C49A700955297 /* Release */ = {
			isa = XCBuildConfiguration;
			buildSettings = {
				INFOPLIST_FILE = Runtime_umengDomeUITests/Info.plist;
				LD_RUNPATH_SEARCH_PATHS = "$(inherited) @executable_path/Frameworks @loader_path/Frameworks";
				PRODUCT_BUNDLE_IDENTIFIER = "niuNatuto.Runtime-umengDomeUITests";
				PRODUCT_NAME = "$(TARGET_NAME)";
				TEST_TARGET_NAME = Runtime_umengDome;
			};
			name = Release;
		};
/* End XCBuildConfiguration section */

/* Begin XCConfigurationList section */
		CEA677611E4C49A700955297 /* Build configuration list for PBXProject "Runtime_umengDome" */ = {
			isa = XCConfigurationList;
			buildConfigurations = (
				CEA677911E4C49A700955297 /* Debug */,
				CEA677921E4C49A700955297 /* Release */,
			);
			defaultConfigurationIsVisible = 0;
			defaultConfigurationName = Release;
		};
		CEA677931E4C49A700955297 /* Build configuration list for PBXNativeTarget "Runtime_umengDome" */ = {
			isa = XCConfigurationList;
			buildConfigurations = (
				CEA677941E4C49A700955297 /* Debug */,
				CEA677951E4C49A700955297 /* Release */,
			);
			defaultConfigurationIsVisible = 0;
			defaultConfigurationName = Release;
		};
		CEA677961E4C49A700955297 /* Build configuration list for PBXNativeTarget "Runtime_umengDomeTests" */ = {
			isa = XCConfigurationList;
			buildConfigurations = (
				CEA677971E4C49A700955297 /* Debug */,
				CEA677981E4C49A700955297 /* Release */,
			);
			defaultConfigurationIsVisible = 0;
			defaultConfigurationName = Release;
		};
		CEA677991E4C49A700955297 /* Build configuration list for PBXNativeTarget "Runtime_umengDomeUITests" */ = {
			isa = XCConfigurationList;
			buildConfigurations = (
				CEA6779A1E4C49A700955297 /* Debug */,
				CEA6779B1E4C49A700955297 /* Release */,
			);
			defaultConfigurationIsVisible = 0;
			defaultConfigurationName = Release;
		};
/* End XCConfigurationList section */
	};
	rootObject = CEA6775E1E4C49A700955297 /* Project object */;
}
